
Microsoft Visual Studio Solution File, Format Version 11.00
# Visual Studio 2010
Project("{FAE04EC0-301F-11D3-BF4B-00C04F79EFBC}") = "QLSV.Frm", "QLSV.Frm\QLSV.Frm.csproj", "{C6FC2DFA-29B4-4332-9EB4-5E8F83B4D24F}"
EndProject
Project("{FAE04EC0-301F-11D3-BF4B-00C04F79EFBC}") = "QLSV.Core", "QLSV.Core\QLSV.Core.csproj", "{5A9A9CF1-649A-4787-9B02-261E78A8AC04}"
EndProject
Project("{FAE04EC0-301F-11D3-BF4B-00C04F79EFBC}") = "QLSV.Data", "QLSV.Data\QLSV.Data.csproj", "{0E243190-859E-4479-97F8-0E97D2889D5F}"
EndProject
Project("{54435603-DBB4-11D2-8724-00A0C9A8B90C}") = "ToeicTestManager", "ToeicTestManager\ToeicTestManager.vdproj", "{F76F191E-B711-47D1-92CA-DC4A46052398}"
EndProject
Global
	GlobalSection(SolutionConfigurationPlatforms) = preSolution
		Debug|Any CPU = Debug|Any CPU
		Debug|Mixed Platforms = Debug|Mixed Platforms
		Debug|x86 = Debug|x86
		Release|Any CPU = Release|Any CPU
		Release|Mixed Platforms = Release|Mixed Platforms
		Release|x86 = Release|x86
	EndGlobalSection
	GlobalSection(ProjectConfigurationPlatforms) = postSolution
		{C6FC2DFA-29B4-4332-9EB4-5E8F83B4D24F}.Debug|Any CPU.ActiveCfg = Debug|x86
		{C6FC2DFA-29B4-4332-9EB4-5E8F83B4D24F}.Debug|Mixed Platforms.ActiveCfg = Debug|x86
		{C6FC2DFA-29B4-4332-9EB4-5E8F83B4D24F}.Debug|Mixed Platforms.Build.0 = Debug|x86
		{C6FC2DFA-29B4-4332-9EB4-5E8F83B4D24F}.Debug|x86.ActiveCfg = Debug|x86
		{C6FC2DFA-29B4-4332-9EB4-5E8F83B4D24F}.Debug|x86.Build.0 = Debug|x86
		{C6FC2DFA-29B4-4332-9EB4-5E8F83B4D24F}.Release|Any CPU.ActiveCfg = Release|x86
		{C6FC2DFA-29B4-4332-9EB4-5E8F83B4D24F}.Release|Mixed Platforms.ActiveCfg = Release|x86
		{C6FC2DFA-29B4-4332-9EB4-5E8F83B4D24F}.Release|Mixed Platforms.Build.0 = Release|x86
		{C6FC2DFA-29B4-4332-9EB4-5E8F83B4D24F}.Release|x86.ActiveCfg = Release|x86
		{C6FC2DFA-29B4-4332-9EB4-5E8F83B4D24F}.Release|x86.Build.0 = Release|x86
		{5A9A9CF1-649A-4787-9B02-261E78A8AC04}.Debug|Any CPU.ActiveCfg = Debug|Any CPU
		{5A9A9CF1-649A-4787-9B02-261E78A8AC04}.Debug|Any CPU.Build.0 = Debug|Any CPU
		{5A9A9CF1-649A-4787-9B02-261E78A8AC04}.Debug|Mixed Platforms.ActiveCfg = Debug|Any CPU
		{5A9A9CF1-649A-4787-9B02-261E78A8AC04}.Debug|Mixed Platforms.Build.0 = Debug|Any CPU
		{5A9A9CF1-649A-4787-9B02-261E78A8AC04}.Debug|x86.ActiveCfg = Debug|Any CPU
		{5A9A9CF1-649A-4787-9B02-261E78A8AC04}.Release|Any CPU.ActiveCfg = Release|Any CPU
		{5A9A9CF1-649A-4787-9B02-261E78A8AC04}.Release|Any CPU.Build.0 = Release|Any CPU
		{5A9A9CF1-649A-4787-9B02-261E78A8AC04}.Release|Mixed Platforms.ActiveCfg = Release|Any CPU
		{5A9A9CF1-649A-4787-9B02-261E78A8AC04}.Release|Mixed Platforms.Build.0 = Release|Any CPU
		{5A9A9CF1-649A-4787-9B02-261E78A8AC04}.Release|x86.ActiveCfg = Release|Any CPU
		{0E243190-859E-4479-97F8-0E97D2889D5F}.Debug|Any CPU.ActiveCfg = Debug|Any CPU
		{0E243190-859E-4479-97F8-0E97D2889D5F}.Debug|Any CPU.Build.0 = Debug|Any CPU
		{0E243190-859E-4479-97F8-0E97D2889D5F}.Debug|Mixed Platforms.ActiveCfg = Debug|Any CPU
		{0E243190-859E-4479-97F8-0E97D2889D5F}.Debug|Mixed Platforms.Build.0 = Debug|Any CPU
		{0E243190-859E-4479-97F8-0E97D2889D5F}.Debug|x86.ActiveCfg = Debug|Any CPU
		{0E243190-859E-4479-97F8-0E97D2889D5F}.Release|Any CPU.ActiveCfg = Release|Any CPU
		{0E243190-859E-4479-97F8-0E97D2889D5F}.Release|Any CPU.Build.0 = Release|Any CPU
		{0E243190-859E-4479-97F8-0E97D2889D5F}.Release|Mixed Platforms.ActiveCfg = Release|Any CPU
		{0E243190-859E-4479-97F8-0E97D2889D5F}.Release|Mixed Platforms.Build.0 = Release|Any CPU
		{0E243190-859E-4479-97F8-0E97D2889D5F}.Release|x86.ActiveCfg = Release|Any CPU
		{F76F191E-B711-47D1-92CA-DC4A46052398}.Debug|Any CPU.ActiveCfg = Debug
		{F76F191E-B711-47D1-92CA-DC4A46052398}.Debug|Mixed Platforms.ActiveCfg = Debug
		{F76F191E-B711-47D1-92CA-DC4A46052398}.Debug|x86.ActiveCfg = Debug
		{F76F191E-B711-47D1-92CA-DC4A46052398}.Release|Any CPU.ActiveCfg = Release
		{F76F191E-B711-47D1-92CA-DC4A46052398}.Release|Mixed Platforms.ActiveCfg = Release
		{F76F191E-B711-47D1-92CA-DC4A46052398}.Release|x86.ActiveCfg = Release
	EndGlobalSection
	GlobalSection(SolutionProperties) = preSolution
		HideSolutionNode = FALSE
	EndGlobalSection
EndGlobal
